
Microsoft Visual Studio Solution File, Format Version 12.00
# Visual Studio Version 17
VisualStudioVersion = 17.11.35327.3
MinimumVisualStudioVersion = 10.0.40219.1
Project("{FAE04EC0-301F-11D3-BF4B-00C04F79EFBC}") = "Vou.API", "Vou.API\Vou.API.csproj", "{BD663A36-F49B-4A9E-A430-96801F5DBF11}"
EndProject
Project("{FAE04EC0-301F-11D3-BF4B-00C04F79EFBC}") = "Vou.Domain", "Vou.Domain\Vou.Domain.csproj", "{9E3744AE-996A-41D8-9DD7-CDC5D564FE36}"
EndProject
Project("{FAE04EC0-301F-11D3-BF4B-00C04F79EFBC}") = "Vou.Application", "Vou.Application\Vou.Application.csproj", "{022915BC-7FBC-4E9B-9C37-95375A0AE97B}"
EndProject
Project("{FAE04EC0-301F-11D3-BF4B-00C04F79EFBC}") = "Vou.Infrastructure", "Vou.Infrastructure\Vou.Infrastructure.csproj", "{8A3D9696-A916-41C4-BF3B-528198EF5220}"
EndProject
Global
	GlobalSection(SolutionConfigurationPlatforms) = preSolution
		Debug|Any CPU = Debug|Any CPU
		Release|Any CPU = Release|Any CPU
	EndGlobalSection
	GlobalSection(ProjectConfigurationPlatforms) = postSolution
		{BD663A36-F49B-4A9E-A430-96801F5DBF11}.Debug|Any CPU.ActiveCfg = Debug|Any CPU
		{BD663A36-F49B-4A9E-A430-96801F5DBF11}.Debug|Any CPU.Build.0 = Debug|Any CPU
		{BD663A36-F49B-4A9E-A430-96801F5DBF11}.Release|Any CPU.ActiveCfg = Release|Any CPU
		{BD663A36-F49B-4A9E-A430-96801F5DBF11}.Release|Any CPU.Build.0 = Release|Any CPU
		{9E3744AE-996A-41D8-9DD7-CDC5D564FE36}.Debug|Any CPU.ActiveCfg = Debug|Any CPU
		{9E3744AE-996A-41D8-9DD7-CDC5D564FE36}.Debug|Any CPU.Build.0 = Debug|Any CPU
		{9E3744AE-996A-41D8-9DD7-CDC5D564FE36}.Release|Any CPU.ActiveCfg = Release|Any CPU
		{9E3744AE-996A-41D8-9DD7-CDC5D564FE36}.Release|Any CPU.Build.0 = Release|Any CPU
		{022915BC-7FBC-4E9B-9C37-95375A0AE97B}.Debug|Any CPU.ActiveCfg = Debug|Any CPU
		{022915BC-7FBC-4E9B-9C37-95375A0AE97B}.Debug|Any CPU.Build.0 = Debug|Any CPU
		{022915BC-7FBC-4E9B-9C37-95375A0AE97B}.Release|Any CPU.ActiveCfg = Release|Any CPU
		{022915BC-7FBC-4E9B-9C37-95375A0AE97B}.Release|Any CPU.Build.0 = Release|Any CPU
		{8A3D9696-A916-41C4-BF3B-528198EF5220}.Debug|Any CPU.ActiveCfg = Debug|Any CPU
		{8A3D9696-A916-41C4-BF3B-528198EF5220}.Debug|Any CPU.Build.0 = Debug|Any CPU
		{8A3D9696-A916-41C4-BF3B-528198EF5220}.Release|Any CPU.ActiveCfg = Release|Any CPU
		{8A3D9696-A916-41C4-BF3B-528198EF5220}.Release|Any CPU.Build.0 = Release|Any CPU
	EndGlobalSection
	GlobalSection(SolutionProperties) = preSolution
		HideSolutionNode = FALSE
	EndGlobalSection
	GlobalSection(ExtensibilityGlobals) = postSolution
		SolutionGuid = {49163315-25A6-48E9-A41F-A67C7DA4478A}
	EndGlobalSection
EndGlobal
